// !$*UTF8*$!
{
	archiveVersion = 1;
	classes = {
	};
	objectVersion = 77;
	objects = {

/* Begin PBXBuildFile section */
		3CF87EA72E2716C100414E11 /* PrivateForkFeature in Frameworks */ = {isa = PBXBuildFile; productRef = 3CF87EA62E2716C100414E11 /* PrivateForkFeature */; };
/* End PBXBuildFile section */

/* Begin PBXContainerItemProxy section */
		8BC265752DEDD3F500F279A4 /* PBXContainerItemProxy */ = {
			isa = PBXContainerItemProxy;
			containerPortal = 8BC265542DEDD3F400F279A4 /* Project object */;
			proxyType = 1;
			remoteGlobalIDString = 8BC2655B2DEDD3F400F279A4;
			remoteInfo = PrivateFork;
		};
		8BC2658E2DEDD3F600F279A4 /* PBXContainerItemProxy */ = {
			isa = PBXContainerItemProxy;
			containerPortal = 8BC265542DEDD3F400F279A4 /* Project object */;
			proxyType = 1;
			remoteGlobalIDString = 8BC2655B2DEDD3F400F279A4;
			remoteInfo = PrivateFork;
		};
/* End PBXContainerItemProxy section */

/* Begin PBXFileReference section */
		8BC2655C2DEDD3F400F279A4 /* PrivateFork.app */ = {isa = PBXFileReference; explicitFileType = wrapper.application; includeInIndex = 0; path = PrivateFork.app; sourceTree = BUILT_PRODUCTS_DIR; };
		8BC265742DEDD3F500F279A4 /* PrivateForkUITests.xctest */ = {isa = PBXFileReference; explicitFileType = wrapper.cfbundle; includeInIndex = 0; path = PrivateForkUITests.xctest; sourceTree = BUILT_PRODUCTS_DIR; };
		8BC265872DEDD3F600F279A4 /* PrivateForkTests.xctest */ = {isa = PBXFileReference; explicitFileType = wrapper.cfbundle; includeInIndex = 0; path = PrivateForkTests.xctest; sourceTree = BUILT_PRODUCTS_DIR; };
/* End PBXFileReference section */

/* Begin PBXFileSystemSynchronizedBuildFileExceptionSet section */
		8BD71C1E2DEE424400CEDD92 /* Exceptions for "Config" folder in "PrivateFork" target */ = {
			isa = PBXFileSystemSynchronizedBuildFileExceptionSet;
			membershipExceptions = (
				Debug.xcconfig,
				Release.xcconfig,
				Shared.xcconfig,
				Tests.xcconfig,
			);
			target = 8BC2655B2DEDD3F400F279A4 /* PrivateFork */;
		};
/* End PBXFileSystemSynchronizedBuildFileExceptionSet section */

/* Begin PBXFileSystemSynchronizedRootGroup section */
		8B90D1BC2DEE373300FBD189 /* Config */ = {
			isa = PBXFileSystemSynchronizedRootGroup;
			exceptions = (
				8BD71C1E2DEE424400CEDD92 /* Exceptions for "Config" folder in "PrivateFork" target */,
			);
			path = Config;
			sourceTree = "<group>";
		};
		8BC2655E2DEDD3F400F279A4 /* PrivateFork */ = {
			isa = PBXFileSystemSynchronizedRootGroup;
			path = PrivateFork;
			sourceTree = "<group>";
		};
		8BC265772DEDD3F500F279A4 /* PrivateForkUITests */ = {
			isa = PBXFileSystemSynchronizedRootGroup;
			path = PrivateForkUITests;
			sourceTree = "<group>";
		};
		8BC265882DEDD3F600F279A4 /* PrivateForkTests */ = {
			isa = PBXFileSystemSynchronizedRootGroup;
			path = PrivateForkTests;
			sourceTree = "<group>";
		};
/* End PBXFileSystemSynchronizedRootGroup section */

/* Begin PBXFrameworksBuildPhase section */
		8BC265592DEDD3F400F279A4 /* Frameworks */ = {
			isa = PBXFrameworksBuildPhase;
			buildActionMask = 2147483647;
			files = (
				3CF87EA72E2716C100414E11 /* PrivateForkFeature in Frameworks */,
			);
			runOnlyForDeploymentPostprocessing = 0;
		};
		8BC265712DEDD3F500F279A4 /* Frameworks */ = {
			isa = PBXFrameworksBuildPhase;
			buildActionMask = 2147483647;
			files = (
			);
			runOnlyForDeploymentPostprocessing = 0;
		};
		8BC265892DEDD3F600F279A4 /* Frameworks */ = {
			isa = PBXFrameworksBuildPhase;
			buildActionMask = 2147483647;
			files = (
			);
			runOnlyForDeploymentPostprocessing = 0;
		};
/* End PBXFrameworksBuildPhase section */

/* Begin PBXGroup section */
		8B90D1462DEDD44A00FBD189 /* Frameworks */ = {
			isa = PBXGroup;
			children = (
			);
			name = Frameworks;
			sourceTree = "<group>";
		};
		8BC265532DEDD3F400F279A4 = {
			isa = PBXGroup;
			children = (
				8B90D1BC2DEE373300FBD189 /* Config */,
				8BC2655E2DEDD3F400F279A4 /* PrivateFork */,
				8BC265882DEDD3F600F279A4 /* PrivateForkTests */,
				8BC265772DEDD3F500F279A4 /* PrivateForkUITests */,
				8B90D1462DEDD44A00FBD189 /* Frameworks */,
				8BC2655D2DEDD3F400F279A4 /* Products */,
			);
			sourceTree = "<group>";
		};
		8BC2655D2DEDD3F400F279A4 /* Products */ = {
			isa = PBXGroup;
			children = (
				8BC2655C2DEDD3F400F279A4 /* PrivateFork.app */,
				8BC265872DEDD3F600F279A4 /* PrivateForkTests.xctest */,
				8BC265742DEDD3F500F279A4 /* PrivateForkUITests.xctest */,
			);
			name = Products;
			sourceTree = "<group>";
		};
/* End PBXGroup section */

/* Begin PBXNativeTarget section */
		8BC2655B2DEDD3F400F279A4 /* PrivateFork */ = {
			isa = PBXNativeTarget;
			buildConfigurationList = 8BC2657E2DEDD3F500F279A4 /* Build configuration list for PBXNativeTarget "PrivateFork" */;
			buildPhases = (
				8BC265582DEDD3F400F279A4 /* Sources */,
				8BC265592DEDD3F400F279A4 /* Frameworks */,
				8BC2655A2DEDD3F400F279A4 /* Resources */,
			);
			buildRules = (
			);
			dependencies = (
			);
			fileSystemSynchronizedGroups = (
				8B90D1BC2DEE373300FBD189 /* Config */,
				8BC2655E2DEDD3F400F279A4 /* PrivateFork */,
			);
			name = PrivateFork;
			packageProductDependencies = (
				3CF87EA62E2716C100414E11 /* PrivateForkFeature */,
			);
			productName = PrivateFork;
			productReference = 8BC2655C2DEDD3F400F279A4 /* PrivateFork.app */;
			productType = "com.apple.product-type.application";
		};
		8BC2658A2DEDD3F600F279A4 /* PrivateForkTests */ = {
			isa = PBXNativeTarget;
			buildConfigurationList = 8BC2658F2DEDD3F600F279A4 /* Build configuration list for PBXNativeTarget "PrivateForkTests" */;
			buildPhases = (
				8BC2658B2DEDD3F600F279A4 /* Sources */,
				8BC265892DEDD3F600F279A4 /* Frameworks */,
				8BC2658C2DEDD3F600F279A4 /* Resources */,
			);
			buildRules = (
			);
			dependencies = (
				8BC2658D2DEDD3F600F279A4 /* PBXTargetDependency */,
			);
			fileSystemSynchronizedGroups = (
				8BC265882DEDD3F600F279A4 /* PrivateForkTests */,
			);
			name = PrivateForkTests;
			packageProductDependencies = (
			);
			productName = PrivateForkTests;
			productReference = 8BC265872DEDD3F600F279A4 /* PrivateForkTests.xctest */;
			productType = "com.apple.product-type.bundle.unit-test";
		};
		8BC265732DEDD3F500F279A4 /* PrivateForkUITests */ = {
			isa = PBXNativeTarget;
			buildConfigurationList = 8BC265842DEDD3F500F279A4 /* Build configuration list for PBXNativeTarget "PrivateForkUITests" */;
			buildPhases = (
				8BC265702DEDD3F500F279A4 /* Sources */,
				8BC265712DEDD3F500F279A4 /* Frameworks */,
				8BC265722DEDD3F500F279A4 /* Resources */,
			);
			buildRules = (
			);
			dependencies = (
				8BC265762DEDD3F500F279A4 /* PBXTargetDependency */,
			);
			fileSystemSynchronizedGroups = (
				8BC265772DEDD3F500F279A4 /* PrivateForkUITests */,
			);
			name = PrivateForkUITests;
			packageProductDependencies = (
			);
			productName = PrivateForkUITests;
			productReference = 8BC265742DEDD3F500F279A4 /* PrivateForkUITests.xctest */;
			productType = "com.apple.product-type.bundle.ui-testing";
		};
/* End PBXNativeTarget section */

/* Begin PBXProject section */
		8BC265542DEDD3F400F279A4 /* Project object */ = {
			isa = PBXProject;
			attributes = {
				BuildIndependentTargetsInParallel = 1;
				LastSwiftUpdateCheck = 1630;
				LastUpgradeCheck = 1630;
				ORGANIZATIONNAME = "$(ORGANIZATION_NAME)";
				TargetAttributes = {
					8BC2655B2DEDD3F400F279A4 = {
						CreatedOnToolsVersion = 16.3;
					};
					8BC2658A2DEDD3F600F279A4 = {
						CreatedOnToolsVersion = 16.3;
						TestTargetID = 8BC2655B2DEDD3F400F279A4;
					};
					8BC265732DEDD3F500F279A4 = {
						CreatedOnToolsVersion = 16.3;
						TestTargetID = 8BC2655B2DEDD3F400F279A4;
					};
				};
			};
			buildConfigurationList = 8BC265572DEDD3F400F279A4 /* Build configuration list for PBXProject "PrivateFork" */;
			developmentRegion = en;
			hasScannedForEncodings = 0;
			knownRegions = (
				en,
				Base,
			);
			mainGroup = 8BC265532DEDD3F400F279A4;
			minimizedProjectReferenceProxies = 1;
			packageReferences = (
				3CF87EA52E2716A600414E11 /* XCLocalSwiftPackageReference "PrivateForkPackage" */,
			);
			preferredProjectObjectVersion = 77;
			productRefGroup = 8BC2655D2DEDD3F400F279A4 /* Products */;
			projectDirPath = "";
			projectRoot = "";
			targets = (
				8BC2655B2DEDD3F400F279A4 /* PrivateFork */,
				8BC2658A2DEDD3F600F279A4 /* PrivateForkTests */,
				8BC265732DEDD3F500F279A4 /* PrivateForkUITests */,
			);
		};
/* End PBXProject section */

/* Begin PBXResourcesBuildPhase section */
		8BC2655A2DEDD3F400F279A4 /* Resources */ = {
			isa = PBXResourcesBuildPhase;
			buildActionMask = 2147483647;
			files = (
			);
			runOnlyForDeploymentPostprocessing = 0;
		};
		8BC2658C2DEDD3F600F279A4 /* Resources */ = {
			isa = PBXResourcesBuildPhase;
			buildActionMask = 2147483647;
			files = (
			);
			runOnlyForDeploymentPostprocessing = 0;
		};
		8BC265722DEDD3F500F279A4 /* Resources */ = {
			isa = PBXResourcesBuildPhase;
			buildActionMask = 2147483647;
			files = (
			);
			runOnlyForDeploymentPostprocessing = 0;
		};
/* End PBXResourcesBuildPhase section */

/* Begin PBXSourcesBuildPhase section */
		8BC265582DEDD3F400F279A4 /* Sources */ = {
			isa = PBXSourcesBuildPhase;
			buildActionMask = 2147483647;
			files = (
			);
			runOnlyForDeploymentPostprocessing = 0;
		};
		8BC2658B2DEDD3F600F279A4 /* Sources */ = {
			isa = PBXSourcesBuildPhase;
			buildActionMask = 2147483647;
			files = (
			);
			runOnlyForDeploymentPostprocessing = 0;
		};
		8BC265702DEDD3F500F279A4 /* Sources */ = {
			isa = PBXSourcesBuildPhase;
			buildActionMask = 2147483647;
			files = (
			);
			runOnlyForDeploymentPostprocessing = 0;
		};
/* End PBXSourcesBuildPhase section */

/* Begin PBXTargetDependency section */
		8BC2658D2DEDD3F600F279A4 /* PBXTargetDependency */ = {
			isa = PBXTargetDependency;
			target = 8BC2655B2DEDD3F400F279A4 /* PrivateFork */;
			targetProxy = 8BC2658E2DEDD3F600F279A4 /* PBXContainerItemProxy */;
		};
		8BC265762DEDD3F500F279A4 /* PBXTargetDependency */ = {
			isa = PBXTargetDependency;
			target = 8BC2655B2DEDD3F400F279A4 /* PrivateFork */;
			targetProxy = 8BC265752DEDD3F500F279A4 /* PBXContainerItemProxy */;
		};
/* End PBXTargetDependency section */

/* Begin XCBuildConfiguration section */
		8BC2657C2DEDD3F500F279A4 /* Debug */ = {
			isa = XCBuildConfiguration;
			buildSettings = {
				SWIFT_VERSION = 5.0;
			};
			name = Debug;
		};
		8BC2657D2DEDD3F500F279A4 /* Release */ = {
			isa = XCBuildConfiguration;
			buildSettings = {
				SWIFT_VERSION = 5.0;
			};
			name = Release;
		};
		8BC2657F2DEDD3F500F279A4 /* Debug */ = {
			isa = XCBuildConfiguration;
			baseConfigurationReferenceAnchor = 8B90D1BC2DEE373300FBD189 /* Config */;
			baseConfigurationReferenceRelativePath = Debug.xcconfig;
			buildSettings = {
				ENABLE_TESTABILITY = YES;
				INFOPLIST_KEY_CFBundleDisplayName = "$(PRODUCT_DISPLAY_NAME)";
				SWIFT_VERSION = 5.0;
			};
			name = Debug;
		};
		8BC265802DEDD3F500F279A4 /* Release */ = {
			isa = XCBuildConfiguration;
			baseConfigurationReferenceAnchor = 8B90D1BC2DEE373300FBD189 /* Config */;
			baseConfigurationReferenceRelativePath = Release.xcconfig;
			buildSettings = {
				INFOPLIST_KEY_CFBundleDisplayName = "$(PRODUCT_DISPLAY_NAME)";
				SWIFT_VERSION = 5.0;
			};
			name = Release;
		};
		8BC265852DEDD3F500F279A4 /* Debug */ = {
			isa = XCBuildConfiguration;
			baseConfigurationReferenceAnchor = 8B90D1BC2DEE373300FBD189 /* Config */;
			baseConfigurationReferenceRelativePath = Tests.xcconfig;
			buildSettings = {
				SWIFT_VERSION = 5.0;
			};
			name = Debug;
		};
		8BC265862DEDD3F500F279A4 /* Release */ = {
			isa = XCBuildConfiguration;
			baseConfigurationReferenceAnchor = 8B90D1BC2DEE373300FBD189 /* Config */;
			baseConfigurationReferenceRelativePath = Tests.xcconfig;
			buildSettings = {
				SWIFT_VERSION = 5.0;
			};
			name = Release;
		};
		8BC265902DEDD3F600F279A4 /* Debug */ = {
			isa = XCBuildConfiguration;
			baseConfigurationReferenceAnchor = 8B90D1BC2DEE373300FBD189 /* Config */;
			baseConfigurationReferenceRelativePath = Tests.xcconfig;
			buildSettings = {
				PRODUCT_MODULE_NAME = PrivateForkTests;
				SWIFT_VERSION = 5.0;
			};
			name = Debug;
		};
		8BC265912DEDD3F600F279A4 /* Release */ = {
			isa = XCBuildConfiguration;
			baseConfigurationReferenceAnchor = 8B90D1BC2DEE373300FBD189 /* Config */;
			baseConfigurationReferenceRelativePath = Tests.xcconfig;
			buildSettings = {
				PRODUCT_MODULE_NAME = PrivateForkTests;
				SWIFT_VERSION = 5.0;
			};
			name = Release;
		};
/* End XCBuildConfiguration section */

/* Begin XCConfigurationList section */
		8BC265572DEDD3F400F279A4 /* Build configuration list for PBXProject "PrivateFork" */ = {
			isa = XCConfigurationList;
			buildConfigurations = (
				8BC2657C2DEDD3F500F279A4 /* Debug */,
				8BC2657D2DEDD3F500F279A4 /* Release */,
			);
			defaultConfigurationIsVisible = 0;
			defaultConfigurationName = Release;
		};
		8BC2657E2DEDD3F500F279A4 /* Build configuration list for PBXNativeTarget "PrivateFork" */ = {
			isa = XCConfigurationList;
			buildConfigurations = (
				8BC2657F2DEDD3F500F279A4 /* Debug */,
				8BC265802DEDD3F500F279A4 /* Release */,
			);
			defaultConfigurationIsVisible = 0;
			defaultConfigurationName = Release;
		};
		8BC2658F2DEDD3F600F279A4 /* Build configuration list for PBXNativeTarget "PrivateForkTests" */ = {
			isa = XCConfigurationList;
			buildConfigurations = (
				8BC265902DEDD3F600F279A4 /* Debug */,
				8BC265912DEDD3F600F279A4 /* Release */,
			);
			defaultConfigurationIsVisible = 0;
			defaultConfigurationName = Release;
		};
		8BC265842DEDD3F500F279A4 /* Build configuration list for PBXNativeTarget "PrivateForkUITests" */ = {
			isa = XCConfigurationList;
			buildConfigurations = (
				8BC265852DEDD3F500F279A4 /* Debug */,
				8BC265862DEDD3F500F279A4 /* Release */,
			);
			defaultConfigurationIsVisible = 0;
			defaultConfigurationName = Release;
		};
/* End XCConfigurationList section */

/* Begin XCLocalSwiftPackageReference section */
		3CF87EA52E2716A600414E11 /* XCLocalSwiftPackageReference "PrivateForkPackage" */ = {
			isa = XCLocalSwiftPackageReference;
			relativePath = PrivateForkPackage;
		};
/* End XCLocalSwiftPackageReference section */

/* Begin XCSwiftPackageProductDependency section */
		3CF87EA62E2716C100414E11 /* PrivateForkFeature */ = {
			isa = XCSwiftPackageProductDependency;
			productName = PrivateForkFeature;
		};
/* End XCSwiftPackageProductDependency section */
	};
	rootObject = 8BC265542DEDD3F400F279A4 /* Project object */;
}
